
Microsoft Visual Studio Solution File, Format Version 12.00
# Visual Studio Version 17
VisualStudioVersion = 17.11.35327.3
MinimumVisualStudioVersion = 10.0.40219.1
Project("{FAE04EC0-301F-11D3-BF4B-00C04F79EFBC}") = "MauiAppMinhasCompras", "MauiAppMinhasCompras\MauiAppMinhasCompras.csproj", "{C59E413A-502B-4579-8059-AF6E43873A1D}"
EndProject
Global
	GlobalSection(SolutionConfigurationPlatforms) = preSolution
		Debug|Any CPU = Debug|Any CPU
		Release|Any CPU = Release|Any CPU
	EndGlobalSection
	GlobalSection(ProjectConfigurationPlatforms) = postSolution
		{C59E413A-502B-4579-8059-AF6E43873A1D}.Debug|Any CPU.ActiveCfg = Debug|Any CPU
		{C59E413A-502B-4579-8059-AF6E43873A1D}.Debug|Any CPU.Build.0 = Debug|Any CPU
		{C59E413A-502B-4579-8059-AF6E43873A1D}.Debug|Any CPU.Deploy.0 = Debug|Any CPU
		{C59E413A-502B-4579-8059-AF6E43873A1D}.Release|Any CPU.ActiveCfg = Release|Any CPU
		{C59E413A-502B-4579-8059-AF6E43873A1D}.Release|Any CPU.Build.0 = Release|Any CPU
		{C59E413A-502B-4579-8059-AF6E43873A1D}.Release|Any CPU.Deploy.0 = Release|Any CPU
	EndGlobalSection
	GlobalSection(SolutionProperties) = preSolution
		HideSolutionNode = FALSE
	EndGlobalSection
	GlobalSection(ExtensibilityGlobals) = postSolution
		SolutionGuid = {C434ABA3-7FAD-4C3B-A7FB-C918D8B235E3}
	EndGlobalSection
EndGlobal
